// !$*UTF8*$!
{
	archiveVersion = 1;
	classes = {
	};
	objectVersion = 46;
	objects = {

/* Begin PBXBuildFile section */
		240AC7181D748C8800F21F4F /* AppDelegate.swift in Sources */ = {isa = PBXBuildFile; fileRef = 240AC7171D748C8800F21F4F /* AppDelegate.swift */; };
		240AC71D1D748C8800F21F4F /* Main.storyboard in Resources */ = {isa = PBXBuildFile; fileRef = 240AC71B1D748C8800F21F4F /* Main.storyboard */; };
		240AC7201D748C8800F21F4F /* teferi.xcdatamodeld in Sources */ = {isa = PBXBuildFile; fileRef = 240AC71E1D748C8800F21F4F /* teferi.xcdatamodeld */; };
		240AC7221D748C8800F21F4F /* Assets.xcassets in Resources */ = {isa = PBXBuildFile; fileRef = 240AC7211D748C8800F21F4F /* Assets.xcassets */; };
		2414EB931D7D9564001EFB6D /* Nimble.framework in Copy Files */ = {isa = PBXBuildFile; fileRef = 2492E2951D78BCE000F28AB4 /* Nimble.framework */; settings = {ATTRIBUTES = (CodeSignOnCopy, RemoveHeadersOnCopy, ); }; };
		2414EB951D7D9564001EFB6D /* RxBlocking.framework in Copy Files */ = {isa = PBXBuildFile; fileRef = 241977B61D7579DC00E89500 /* RxBlocking.framework */; settings = {ATTRIBUTES = (CodeSignOnCopy, RemoveHeadersOnCopy, ); }; };
		2414EB961D7D9564001EFB6D /* RxSwift.framework in Copy Files */ = {isa = PBXBuildFile; fileRef = 241977B41D7579CE00E89500 /* RxSwift.framework */; settings = {ATTRIBUTES = (CodeSignOnCopy, RemoveHeadersOnCopy, ); }; };
		2414EB9B1D7DEFE1001EFB6D /* DateExtensions.swift in Sources */ = {isa = PBXBuildFile; fileRef = 2414EB9A1D7DEFE1001EFB6D /* DateExtensions.swift */; };
		2414EB9D1D7E0D01001EFB6D /* TimelineHeaderView.swift in Sources */ = {isa = PBXBuildFile; fileRef = 2414EB9C1D7E0D01001EFB6D /* TimelineHeaderView.swift */; };
		241977B51D7579CE00E89500 /* RxSwift.framework in Frameworks */ = {isa = PBXBuildFile; fileRef = 241977B41D7579CE00E89500 /* RxSwift.framework */; };
		241977B71D7579DC00E89500 /* RxBlocking.framework in Frameworks */ = {isa = PBXBuildFile; fileRef = 241977B61D7579DC00E89500 /* RxBlocking.framework */; };
		246EBC261D804B3A0012B205 /* RxCocoa.framework in Frameworks */ = {isa = PBXBuildFile; fileRef = 246EBC251D804B3A0012B205 /* RxCocoa.framework */; };
		246EBC281D8056FD0012B205 /* RxDataSources.framework in Frameworks */ = {isa = PBXBuildFile; fileRef = 246EBC271D8056FD0012B205 /* RxDataSources.framework */; };
		2475A2671D7D7B6D000153C5 /* TimelineViewModelMainViewModelTests.swift in Sources */ = {isa = PBXBuildFile; fileRef = 2475A2661D7D7B6D000153C5 /* TimelineViewModelMainViewModelTests.swift */; };
		24874DE01D7C3F770099DC1F /* Nimble.framework in Frameworks */ = {isa = PBXBuildFile; fileRef = 2492E2951D78BCE000F28AB4 /* Nimble.framework */; };
		24874DE21D7C3F9B0099DC1F /* RxSwift.framework in Frameworks */ = {isa = PBXBuildFile; fileRef = 241977B41D7579CE00E89500 /* RxSwift.framework */; };
		24874DE31D7C3F9E0099DC1F /* RxBlocking.framework in Frameworks */ = {isa = PBXBuildFile; fileRef = 241977B61D7579DC00E89500 /* RxBlocking.framework */; };
		24874DE61D7C3FD60099DC1F /* MockLocationService.swift in Sources */ = {isa = PBXBuildFile; fileRef = 24874DE51D7C3FD60099DC1F /* MockLocationService.swift */; };
		2492E28E1D773BDB00F28AB4 /* TimeSlot.swift in Sources */ = {isa = PBXBuildFile; fileRef = 2492E28D1D773BDB00F28AB4 /* TimeSlot.swift */; };
		2492E2901D773C1000F28AB4 /* Category.swift in Sources */ = {isa = PBXBuildFile; fileRef = 2492E28F1D773C1000F28AB4 /* Category.swift */; };
		2492E29D1D78DC5B00F28AB4 /* TimelineViewController.swift in Sources */ = {isa = PBXBuildFile; fileRef = 2492E29C1D78DC5B00F28AB4 /* TimelineViewController.swift */; };
		2492E29F1D78EF1C00F28AB4 /* TimelineViewModel.swift in Sources */ = {isa = PBXBuildFile; fileRef = 2492E29E1D78EF1C00F28AB4 /* TimelineViewModel.swift */; };
		2492E2A11D79F79A00F28AB4 /* TimelineCell.xib in Resources */ = {isa = PBXBuildFile; fileRef = 2492E2A01D79F79A00F28AB4 /* TimelineCell.xib */; };
		2492E2A31D79F7C300F28AB4 /* TimelineCell.swift in Sources */ = {isa = PBXBuildFile; fileRef = 2492E2A21D79F7C300F28AB4 /* TimelineCell.swift */; };
		24A21B691D7C3E0800CEB4F3 /* MainViewModelTests.swift in Sources */ = {isa = PBXBuildFile; fileRef = 24A21B681D7C3E0800CEB4F3 /* MainViewModelTests.swift */; };
		24A395201D7F82180055DF9A /* CircleMenu.framework in Frameworks */ = {isa = PBXBuildFile; fileRef = 24A3951F1D7F82180055DF9A /* CircleMenu.framework */; };
		24BA51A81D74D6E000042CDF /* LocationService.swift in Sources */ = {isa = PBXBuildFile; fileRef = 24BA51A71D74D6E000042CDF /* LocationService.swift */; };
		24BA51AB1D74D7A800042CDF /* Location.swift in Sources */ = {isa = PBXBuildFile; fileRef = 24BA51AA1D74D7A800042CDF /* Location.swift */; };
		24CD8A481D7A13800017C53E /* ColorExtensions.swift in Sources */ = {isa = PBXBuildFile; fileRef = 24CD8A471D7A13800017C53E /* ColorExtensions.swift */; };
		24CD8A4A1D7A1BE20017C53E /* StringExtensions.swift in Sources */ = {isa = PBXBuildFile; fileRef = 24CD8A491D7A1BE20017C53E /* StringExtensions.swift */; };
		24D99F641D74B8D000E68163 /* MainViewController.swift in Sources */ = {isa = PBXBuildFile; fileRef = 24D99F601D74B8D000E68163 /* MainViewController.swift */; };
		24D99F651D74B8D000E68163 /* MainViewModel.swift in Sources */ = {isa = PBXBuildFile; fileRef = 24D99F611D74B8D000E68163 /* MainViewModel.swift */; };
/* End PBXBuildFile section */

/* Begin PBXContainerItemProxy section */
		24A21B6B1D7C3E0800CEB4F3 /* PBXContainerItemProxy */ = {
			isa = PBXContainerItemProxy;
			containerPortal = 240AC70C1D748C8800F21F4F /* Project object */;
			proxyType = 1;
			remoteGlobalIDString = 240AC7131D748C8800F21F4F;
			remoteInfo = teferi;
		};
/* End PBXContainerItemProxy section */

/* Begin PBXCopyFilesBuildPhase section */
		2414EB921D7D955C001EFB6D /* Copy Files */ = {
			isa = PBXCopyFilesBuildPhase;
			buildActionMask = 2147483647;
			dstPath = "";
			dstSubfolderSpec = 7;
			files = (
				2414EB931D7D9564001EFB6D /* Nimble.framework in Copy Files */,
				2414EB951D7D9564001EFB6D /* RxBlocking.framework in Copy Files */,
				2414EB961D7D9564001EFB6D /* RxSwift.framework in Copy Files */,
			);
			name = "Copy Files";
			runOnlyForDeploymentPostprocessing = 0;
		};
/* End PBXCopyFilesBuildPhase section */

/* Begin PBXFileReference section */
		240AC7141D748C8800F21F4F /* teferi.app */ = {isa = PBXFileReference; explicitFileType = wrapper.application; includeInIndex = 0; path = teferi.app; sourceTree = BUILT_PRODUCTS_DIR; };
		240AC7171D748C8800F21F4F /* AppDelegate.swift */ = {isa = PBXFileReference; lastKnownFileType = sourcecode.swift; path = AppDelegate.swift; sourceTree = "<group>"; };
		240AC71C1D748C8800F21F4F /* Base */ = {isa = PBXFileReference; lastKnownFileType = file.storyboard; name = Base; path = Base.lproj/Main.storyboard; sourceTree = "<group>"; };
		240AC71F1D748C8800F21F4F /* teferi.xcdatamodel */ = {isa = PBXFileReference; lastKnownFileType = wrapper.xcdatamodel; path = teferi.xcdatamodel; sourceTree = "<group>"; };
		240AC7211D748C8800F21F4F /* Assets.xcassets */ = {isa = PBXFileReference; lastKnownFileType = folder.assetcatalog; path = Assets.xcassets; sourceTree = "<group>"; };
		240AC7261D748C8800F21F4F /* Info.plist */ = {isa = PBXFileReference; lastKnownFileType = text.plist.xml; path = Info.plist; sourceTree = "<group>"; };
		2414EB9A1D7DEFE1001EFB6D /* DateExtensions.swift */ = {isa = PBXFileReference; fileEncoding = 4; lastKnownFileType = sourcecode.swift; path = DateExtensions.swift; sourceTree = "<group>"; };
		2414EB9C1D7E0D01001EFB6D /* TimelineHeaderView.swift */ = {isa = PBXFileReference; fileEncoding = 4; lastKnownFileType = sourcecode.swift; path = TimelineHeaderView.swift; sourceTree = "<group>"; };
		241977B41D7579CE00E89500 /* RxSwift.framework */ = {isa = PBXFileReference; lastKnownFileType = wrapper.framework; name = RxSwift.framework; path = Carthage/Build/iOS/RxSwift.framework; sourceTree = "<group>"; };
		241977B61D7579DC00E89500 /* RxBlocking.framework */ = {isa = PBXFileReference; lastKnownFileType = wrapper.framework; name = RxBlocking.framework; path = Carthage/Build/iOS/RxBlocking.framework; sourceTree = "<group>"; };
		246EBC251D804B3A0012B205 /* RxCocoa.framework */ = {isa = PBXFileReference; lastKnownFileType = wrapper.framework; name = RxCocoa.framework; path = Carthage/Build/iOS/RxCocoa.framework; sourceTree = "<group>"; };
		246EBC271D8056FD0012B205 /* RxDataSources.framework */ = {isa = PBXFileReference; lastKnownFileType = wrapper.framework; name = RxDataSources.framework; path = Carthage/Build/iOS/RxDataSources.framework; sourceTree = "<group>"; };
		2475A2661D7D7B6D000153C5 /* TimelineViewModelMainViewModelTests.swift */ = {isa = PBXFileReference; fileEncoding = 4; lastKnownFileType = sourcecode.swift; path = TimelineViewModelMainViewModelTests.swift; sourceTree = "<group>"; };
		24874DE51D7C3FD60099DC1F /* MockLocationService.swift */ = {isa = PBXFileReference; fileEncoding = 4; lastKnownFileType = sourcecode.swift; path = MockLocationService.swift; sourceTree = "<group>"; };
		2492E28D1D773BDB00F28AB4 /* TimeSlot.swift */ = {isa = PBXFileReference; fileEncoding = 4; lastKnownFileType = sourcecode.swift; path = TimeSlot.swift; sourceTree = "<group>"; };
		2492E28F1D773C1000F28AB4 /* Category.swift */ = {isa = PBXFileReference; fileEncoding = 4; lastKnownFileType = sourcecode.swift; path = Category.swift; sourceTree = "<group>"; };
		2492E2951D78BCE000F28AB4 /* Nimble.framework */ = {isa = PBXFileReference; lastKnownFileType = wrapper.framework; name = Nimble.framework; path = Carthage/Build/iOS/Nimble.framework; sourceTree = "<group>"; };
		2492E29C1D78DC5B00F28AB4 /* TimelineViewController.swift */ = {isa = PBXFileReference; fileEncoding = 4; lastKnownFileType = sourcecode.swift; path = TimelineViewController.swift; sourceTree = "<group>"; };
		2492E29E1D78EF1C00F28AB4 /* TimelineViewModel.swift */ = {isa = PBXFileReference; fileEncoding = 4; lastKnownFileType = sourcecode.swift; path = TimelineViewModel.swift; sourceTree = "<group>"; };
		2492E2A01D79F79A00F28AB4 /* TimelineCell.xib */ = {isa = PBXFileReference; fileEncoding = 4; lastKnownFileType = file.xib; path = TimelineCell.xib; sourceTree = "<group>"; };
		2492E2A21D79F7C300F28AB4 /* TimelineCell.swift */ = {isa = PBXFileReference; fileEncoding = 4; lastKnownFileType = sourcecode.swift; path = TimelineCell.swift; sourceTree = "<group>"; };
		24A21B661D7C3E0800CEB4F3 /* teferiTests.xctest */ = {isa = PBXFileReference; explicitFileType = wrapper.cfbundle; includeInIndex = 0; path = teferiTests.xctest; sourceTree = BUILT_PRODUCTS_DIR; };
		24A21B681D7C3E0800CEB4F3 /* MainViewModelTests.swift */ = {isa = PBXFileReference; lastKnownFileType = sourcecode.swift; path = MainViewModelTests.swift; sourceTree = "<group>"; };
		24A21B6A1D7C3E0800CEB4F3 /* Info.plist */ = {isa = PBXFileReference; lastKnownFileType = text.plist.xml; path = Info.plist; sourceTree = "<group>"; };
		24A3951F1D7F82180055DF9A /* CircleMenu.framework */ = {isa = PBXFileReference; lastKnownFileType = wrapper.framework; name = CircleMenu.framework; path = Carthage/Build/iOS/CircleMenu.framework; sourceTree = "<group>"; };
		24BA51A71D74D6E000042CDF /* LocationService.swift */ = {isa = PBXFileReference; fileEncoding = 4; lastKnownFileType = sourcecode.swift; path = LocationService.swift; sourceTree = "<group>"; };
		24BA51AA1D74D7A800042CDF /* Location.swift */ = {isa = PBXFileReference; fileEncoding = 4; lastKnownFileType = sourcecode.swift; path = Location.swift; sourceTree = "<group>"; };
		24CD8A471D7A13800017C53E /* ColorExtensions.swift */ = {isa = PBXFileReference; fileEncoding = 4; lastKnownFileType = sourcecode.swift; path = ColorExtensions.swift; sourceTree = "<group>"; };
		24CD8A491D7A1BE20017C53E /* StringExtensions.swift */ = {isa = PBXFileReference; fileEncoding = 4; lastKnownFileType = sourcecode.swift; path = StringExtensions.swift; sourceTree = "<group>"; };
		24D99F601D74B8D000E68163 /* MainViewController.swift */ = {isa = PBXFileReference; fileEncoding = 4; lastKnownFileType = sourcecode.swift; path = MainViewController.swift; sourceTree = "<group>"; };
		24D99F611D74B8D000E68163 /* MainViewModel.swift */ = {isa = PBXFileReference; fileEncoding = 4; lastKnownFileType = sourcecode.swift; path = MainViewModel.swift; sourceTree = "<group>"; };
/* End PBXFileReference section */

/* Begin PBXFrameworksBuildPhase section */
		240AC7111D748C8800F21F4F /* Frameworks */ = {
			isa = PBXFrameworksBuildPhase;
			buildActionMask = 2147483647;
			files = (
				24A395201D7F82180055DF9A /* CircleMenu.framework in Frameworks */,
				246EBC261D804B3A0012B205 /* RxCocoa.framework in Frameworks */,
				241977B51D7579CE00E89500 /* RxSwift.framework in Frameworks */,
				246EBC281D8056FD0012B205 /* RxDataSources.framework in Frameworks */,
				241977B71D7579DC00E89500 /* RxBlocking.framework in Frameworks */,
			);
			runOnlyForDeploymentPostprocessing = 0;
		};
		24A21B631D7C3E0800CEB4F3 /* Frameworks */ = {
			isa = PBXFrameworksBuildPhase;
			buildActionMask = 2147483647;
			files = (
				24874DE01D7C3F770099DC1F /* Nimble.framework in Frameworks */,
				24874DE31D7C3F9E0099DC1F /* RxBlocking.framework in Frameworks */,
				24874DE21D7C3F9B0099DC1F /* RxSwift.framework in Frameworks */,
			);
			runOnlyForDeploymentPostprocessing = 0;
		};
/* End PBXFrameworksBuildPhase section */

/* Begin PBXGroup section */
		240AC70B1D748C8800F21F4F = {
			isa = PBXGroup;
			children = (
				246EBC271D8056FD0012B205 /* RxDataSources.framework */,
				246EBC251D804B3A0012B205 /* RxCocoa.framework */,
				24A3951F1D7F82180055DF9A /* CircleMenu.framework */,
				2492E2951D78BCE000F28AB4 /* Nimble.framework */,
				241977B61D7579DC00E89500 /* RxBlocking.framework */,
				241977B41D7579CE00E89500 /* RxSwift.framework */,
				240AC7161D748C8800F21F4F /* teferi */,
				24A21B671D7C3E0800CEB4F3 /* teferiTests */,
				240AC7151D748C8800F21F4F /* Products */,
			);
			sourceTree = "<group>";
		};
		240AC7151D748C8800F21F4F /* Products */ = {
			isa = PBXGroup;
			children = (
				240AC7141D748C8800F21F4F /* teferi.app */,
				24A21B661D7C3E0800CEB4F3 /* teferiTests.xctest */,
			);
			name = Products;
			sourceTree = "<group>";
		};
		240AC7161D748C8800F21F4F /* teferi */ = {
			isa = PBXGroup;
			children = (
				24CD8A461D7A13560017C53E /* Extensions */,
				24BA51A91D74D79C00042CDF /* Models */,
				24BA51A51D74D69C00042CDF /* Services */,
				24D99F691D74B93C00E68163 /* Views */,
				24D99F681D74B92C00E68163 /* Storyboards */,
				24D99F671D74B91900E68163 /* ViewControllers */,
				24D99F661D74B8D700E68163 /* ViewModels */,
				240AC7171D748C8800F21F4F /* AppDelegate.swift */,
				240AC7211D748C8800F21F4F /* Assets.xcassets */,
				240AC7261D748C8800F21F4F /* Info.plist */,
				240AC71E1D748C8800F21F4F /* teferi.xcdatamodeld */,
			);
			path = teferi;
			sourceTree = "<group>";
		};
		2414EB981D7DC8D1001EFB6D /* ViewModels */ = {
			isa = PBXGroup;
			children = (
				24A21B681D7C3E0800CEB4F3 /* MainViewModelTests.swift */,
				2475A2661D7D7B6D000153C5 /* TimelineViewModelMainViewModelTests.swift */,
			);
			name = ViewModels;
			sourceTree = "<group>";
		};
		24874DE41D7C3FC40099DC1F /* Mocks */ = {
			isa = PBXGroup;
			children = (
				24874DE51D7C3FD60099DC1F /* MockLocationService.swift */,
			);
			name = Mocks;
			sourceTree = "<group>";
		};
		24A21B671D7C3E0800CEB4F3 /* teferiTests */ = {
			isa = PBXGroup;
			children = (
				2414EB981D7DC8D1001EFB6D /* ViewModels */,
				24874DE41D7C3FC40099DC1F /* Mocks */,
				24A21B6A1D7C3E0800CEB4F3 /* Info.plist */,
			);
			path = teferiTests;
			sourceTree = "<group>";
		};
		24BA51A51D74D69C00042CDF /* Services */ = {
			isa = PBXGroup;
			children = (
				24BA51A71D74D6E000042CDF /* LocationService.swift */,
			);
			name = Services;
			sourceTree = "<group>";
		};
		24BA51A91D74D79C00042CDF /* Models */ = {
			isa = PBXGroup;
			children = (
				24BA51AA1D74D7A800042CDF /* Location.swift */,
				2492E28D1D773BDB00F28AB4 /* TimeSlot.swift */,
				2492E28F1D773C1000F28AB4 /* Category.swift */,
			);
			name = Models;
			sourceTree = "<group>";
		};
		24CD8A461D7A13560017C53E /* Extensions */ = {
			isa = PBXGroup;
			children = (
				24CD8A471D7A13800017C53E /* ColorExtensions.swift */,
				24CD8A491D7A1BE20017C53E /* StringExtensions.swift */,
				2414EB9A1D7DEFE1001EFB6D /* DateExtensions.swift */,
			);
			name = Extensions;
			sourceTree = "<group>";
		};
		24D99F661D74B8D700E68163 /* ViewModels */ = {
			isa = PBXGroup;
			children = (
				24D99F611D74B8D000E68163 /* MainViewModel.swift */,
				2492E29E1D78EF1C00F28AB4 /* TimelineViewModel.swift */,
			);
			name = ViewModels;
			sourceTree = "<group>";
		};
		24D99F671D74B91900E68163 /* ViewControllers */ = {
			isa = PBXGroup;
			children = (
				24D99F601D74B8D000E68163 /* MainViewController.swift */,
				2492E29C1D78DC5B00F28AB4 /* TimelineViewController.swift */,
			);
			name = ViewControllers;
			sourceTree = "<group>";
		};
		24D99F681D74B92C00E68163 /* Storyboards */ = {
			isa = PBXGroup;
			children = (
				240AC71B1D748C8800F21F4F /* Main.storyboard */,
			);
			name = Storyboards;
			sourceTree = "<group>";
		};
		24D99F691D74B93C00E68163 /* Views */ = {
			isa = PBXGroup;
			children = (
				2492E2A01D79F79A00F28AB4 /* TimelineCell.xib */,
				2492E2A21D79F7C300F28AB4 /* TimelineCell.swift */,
				2414EB9C1D7E0D01001EFB6D /* TimelineHeaderView.swift */,
			);
			name = Views;
			sourceTree = "<group>";
		};
/* End PBXGroup section */

/* Begin PBXNativeTarget section */
		240AC7131D748C8800F21F4F /* teferi */ = {
			isa = PBXNativeTarget;
			buildConfigurationList = 240AC73F1D748C8900F21F4F /* Build configuration list for PBXNativeTarget "teferi" */;
			buildPhases = (
				240AC7101D748C8800F21F4F /* Sources */,
				240AC7111D748C8800F21F4F /* Frameworks */,
				240AC7121D748C8800F21F4F /* Resources */,
				241977B81D757A5800E89500 /* ShellScript */,
			);
			buildRules = (
			);
			dependencies = (
			);
			name = teferi;
			productName = teferi;
			productReference = 240AC7141D748C8800F21F4F /* teferi.app */;
			productType = "com.apple.product-type.application";
		};
		24A21B651D7C3E0800CEB4F3 /* teferiTests */ = {
			isa = PBXNativeTarget;
			buildConfigurationList = 24A21B6D1D7C3E0800CEB4F3 /* Build configuration list for PBXNativeTarget "teferiTests" */;
			buildPhases = (
				24A21B621D7C3E0800CEB4F3 /* Sources */,
				2414EB971D7D95D6001EFB6D /* ShellScript */,
				2414EB921D7D955C001EFB6D /* Copy Files */,
				24A21B631D7C3E0800CEB4F3 /* Frameworks */,
				24A21B641D7C3E0800CEB4F3 /* Resources */,
			);
			buildRules = (
			);
			dependencies = (
				24A21B6C1D7C3E0800CEB4F3 /* PBXTargetDependency */,
			);
			name = teferiTests;
			productName = teferiTests;
			productReference = 24A21B661D7C3E0800CEB4F3 /* teferiTests.xctest */;
			productType = "com.apple.product-type.bundle.unit-test";
		};
/* End PBXNativeTarget section */

/* Begin PBXProject section */
		240AC70C1D748C8800F21F4F /* Project object */ = {
			isa = PBXProject;
			attributes = {
				LastSwiftUpdateCheck = 0730;
				LastUpgradeCheck = 0730;
				ORGANIZATIONNAME = Toggl;
				TargetAttributes = {
					240AC7131D748C8800F21F4F = {
						CreatedOnToolsVersion = 7.3.1;
						DevelopmentTeam = W74MGFU2BJ;
						SystemCapabilities = {
							com.apple.BackgroundModes = {
								enabled = 1;
							};
						};
					};
					24A21B651D7C3E0800CEB4F3 = {
						CreatedOnToolsVersion = 7.3.1;
						DevelopmentTeam = W74MGFU2BJ;
						TestTargetID = 240AC7131D748C8800F21F4F;
					};
				};
			};
			buildConfigurationList = 240AC70F1D748C8800F21F4F /* Build configuration list for PBXProject "teferi" */;
			compatibilityVersion = "Xcode 3.2";
			developmentRegion = English;
			hasScannedForEncodings = 0;
			knownRegions = (
				en,
				Base,
			);
			mainGroup = 240AC70B1D748C8800F21F4F;
			productRefGroup = 240AC7151D748C8800F21F4F /* Products */;
			projectDirPath = "";
			projectRoot = "";
			targets = (
				240AC7131D748C8800F21F4F /* teferi */,
				24A21B651D7C3E0800CEB4F3 /* teferiTests */,
			);
		};
/* End PBXProject section */

/* Begin PBXResourcesBuildPhase section */
		240AC7121D748C8800F21F4F /* Resources */ = {
			isa = PBXResourcesBuildPhase;
			buildActionMask = 2147483647;
			files = (
				240AC7221D748C8800F21F4F /* Assets.xcassets in Resources */,
				240AC71D1D748C8800F21F4F /* Main.storyboard in Resources */,
				2492E2A11D79F79A00F28AB4 /* TimelineCell.xib in Resources */,
			);
			runOnlyForDeploymentPostprocessing = 0;
		};
		24A21B641D7C3E0800CEB4F3 /* Resources */ = {
			isa = PBXResourcesBuildPhase;
			buildActionMask = 2147483647;
			files = (
			);
			runOnlyForDeploymentPostprocessing = 0;
		};
/* End PBXResourcesBuildPhase section */

/* Begin PBXShellScriptBuildPhase section */
		2414EB971D7D95D6001EFB6D /* ShellScript */ = {
			isa = PBXShellScriptBuildPhase;
			buildActionMask = 2147483647;
			files = (
			);
			inputPaths = (
				"$(SRCROOT)/Carthage/Build/iOS/Nimble.framework",
				"$(SRCROOT)/Carthage/Build/iOS/RxBlocking.framework",
				"$(SRCROOT)/Carthage/Build/iOS/RxSwift.framework",
			);
			outputPaths = (
			);
			runOnlyForDeploymentPostprocessing = 0;
			shellPath = /bin/sh;
			shellScript = "/usr/local/bin/carthage copy-frameworks";
		};
		241977B81D757A5800E89500 /* ShellScript */ = {
			isa = PBXShellScriptBuildPhase;
			buildActionMask = 2147483647;
			files = (
			);
			inputPaths = (
				"$(SRCROOT)/Carthage/Build/iOS/RxSwift.framework",
				"$(SRCROOT)/Carthage/Build/iOS/RxBlocking.framework",
				"$(SRCROOT)/Carthage/Build/iOS/CircleMenu.framework",
				"$(SRCROOT)/Carthage/Build/iOS/RxCocoa.framework",
				"$(SRCROOT)/Carthage/Build/iOS/RxDataSources.framework",
			);
			outputPaths = (
			);
			runOnlyForDeploymentPostprocessing = 0;
			shellPath = /bin/sh;
			shellScript = "/usr/local/bin/carthage copy-frameworks";
		};
/* End PBXShellScriptBuildPhase section */

/* Begin PBXSourcesBuildPhase section */
		240AC7101D748C8800F21F4F /* Sources */ = {
			isa = PBXSourcesBuildPhase;
			buildActionMask = 2147483647;
			files = (
				2492E2A31D79F7C300F28AB4 /* TimelineCell.swift in Sources */,
				24D99F651D74B8D000E68163 /* MainViewModel.swift in Sources */,
				24CD8A481D7A13800017C53E /* ColorExtensions.swift in Sources */,
				2492E29D1D78DC5B00F28AB4 /* TimelineViewController.swift in Sources */,
				2492E28E1D773BDB00F28AB4 /* TimeSlot.swift in Sources */,
				24BA51AB1D74D7A800042CDF /* Location.swift in Sources */,
				24D99F641D74B8D000E68163 /* MainViewController.swift in Sources */,
				2492E2901D773C1000F28AB4 /* Category.swift in Sources */,
				2492E29F1D78EF1C00F28AB4 /* TimelineViewModel.swift in Sources */,
				24BA51A81D74D6E000042CDF /* LocationService.swift in Sources */,
				24CD8A4A1D7A1BE20017C53E /* StringExtensions.swift in Sources */,
				2414EB9B1D7DEFE1001EFB6D /* DateExtensions.swift in Sources */,
				240AC7181D748C8800F21F4F /* AppDelegate.swift in Sources */,
				2414EB9D1D7E0D01001EFB6D /* TimelineHeaderView.swift in Sources */,
				240AC7201D748C8800F21F4F /* teferi.xcdatamodeld in Sources */,
			);
			runOnlyForDeploymentPostprocessing = 0;
		};
		24A21B621D7C3E0800CEB4F3 /* Sources */ = {
			isa = PBXSourcesBuildPhase;
			buildActionMask = 2147483647;
			files = (
				24874DE61D7C3FD60099DC1F /* MockLocationService.swift in Sources */,
				2475A2671D7D7B6D000153C5 /* TimelineViewModelMainViewModelTests.swift in Sources */,
				24A21B691D7C3E0800CEB4F3 /* MainViewModelTests.swift in Sources */,
			);
			runOnlyForDeploymentPostprocessing = 0;
		};
/* End PBXSourcesBuildPhase section */

/* Begin PBXTargetDependency section */
		24A21B6C1D7C3E0800CEB4F3 /* PBXTargetDependency */ = {
			isa = PBXTargetDependency;
			target = 240AC7131D748C8800F21F4F /* teferi */;
			targetProxy = 24A21B6B1D7C3E0800CEB4F3 /* PBXContainerItemProxy */;
		};
/* End PBXTargetDependency section */

/* Begin PBXVariantGroup section */
		240AC71B1D748C8800F21F4F /* Main.storyboard */ = {
			isa = PBXVariantGroup;
			children = (
				240AC71C1D748C8800F21F4F /* Base */,
			);
			name = Main.storyboard;
			sourceTree = "<group>";
		};
/* End PBXVariantGroup section */

/* Begin XCBuildConfiguration section */
		240AC73D1D748C8900F21F4F /* Debug */ = {
			isa = XCBuildConfiguration;
			buildSettings = {
				ALWAYS_SEARCH_USER_PATHS = NO;
				CLANG_ANALYZER_NONNULL = YES;
				CLANG_CXX_LANGUAGE_STANDARD = "gnu++0x";
				CLANG_CXX_LIBRARY = "libc++";
				CLANG_ENABLE_MODULES = YES;
				CLANG_ENABLE_OBJC_ARC = YES;
				CLANG_WARN_BOOL_CONVERSION = YES;
				CLANG_WARN_CONSTANT_CONVERSION = YES;
				CLANG_WARN_DIRECT_OBJC_ISA_USAGE = YES_ERROR;
				CLANG_WARN_EMPTY_BODY = YES;
				CLANG_WARN_ENUM_CONVERSION = YES;
				CLANG_WARN_INT_CONVERSION = YES;
				CLANG_WARN_OBJC_ROOT_CLASS = YES_ERROR;
				CLANG_WARN_UNREACHABLE_CODE = YES;
				CLANG_WARN__DUPLICATE_METHOD_MATCH = YES;
				"CODE_SIGN_IDENTITY[sdk=iphoneos*]" = "iPhone Developer";
				COPY_PHASE_STRIP = NO;
				DEBUG_INFORMATION_FORMAT = dwarf;
				ENABLE_STRICT_OBJC_MSGSEND = YES;
				ENABLE_TESTABILITY = YES;
				GCC_C_LANGUAGE_STANDARD = gnu99;
				GCC_DYNAMIC_NO_PIC = NO;
				GCC_NO_COMMON_BLOCKS = YES;
				GCC_OPTIMIZATION_LEVEL = 0;
				GCC_PREPROCESSOR_DEFINITIONS = (
					"DEBUG=1",
					"$(inherited)",
				);
				GCC_WARN_64_TO_32_BIT_CONVERSION = YES;
				GCC_WARN_ABOUT_RETURN_TYPE = YES_ERROR;
				GCC_WARN_UNDECLARED_SELECTOR = YES;
				GCC_WARN_UNINITIALIZED_AUTOS = YES_AGGRESSIVE;
				GCC_WARN_UNUSED_FUNCTION = YES;
				GCC_WARN_UNUSED_VARIABLE = YES;
				IPHONEOS_DEPLOYMENT_TARGET = 9.3;
				MTL_ENABLE_DEBUG_INFO = YES;
				ONLY_ACTIVE_ARCH = YES;
				SDKROOT = iphoneos;
				SWIFT_OPTIMIZATION_LEVEL = "-Onone";
			};
			name = Debug;
		};
		240AC73E1D748C8900F21F4F /* Release */ = {
			isa = XCBuildConfiguration;
			buildSettings = {
				ALWAYS_SEARCH_USER_PATHS = NO;
				CLANG_ANALYZER_NONNULL = YES;
				CLANG_CXX_LANGUAGE_STANDARD = "gnu++0x";
				CLANG_CXX_LIBRARY = "libc++";
				CLANG_ENABLE_MODULES = YES;
				CLANG_ENABLE_OBJC_ARC = YES;
				CLANG_WARN_BOOL_CONVERSION = YES;
				CLANG_WARN_CONSTANT_CONVERSION = YES;
				CLANG_WARN_DIRECT_OBJC_ISA_USAGE = YES_ERROR;
				CLANG_WARN_EMPTY_BODY = YES;
				CLANG_WARN_ENUM_CONVERSION = YES;
				CLANG_WARN_INT_CONVERSION = YES;
				CLANG_WARN_OBJC_ROOT_CLASS = YES_ERROR;
				CLANG_WARN_UNREACHABLE_CODE = YES;
				CLANG_WARN__DUPLICATE_METHOD_MATCH = YES;
				"CODE_SIGN_IDENTITY[sdk=iphoneos*]" = "iPhone Developer";
				COPY_PHASE_STRIP = NO;
				DEBUG_INFORMATION_FORMAT = "dwarf-with-dsym";
				ENABLE_NS_ASSERTIONS = NO;
				ENABLE_STRICT_OBJC_MSGSEND = YES;
				GCC_C_LANGUAGE_STANDARD = gnu99;
				GCC_NO_COMMON_BLOCKS = YES;
				GCC_WARN_64_TO_32_BIT_CONVERSION = YES;
				GCC_WARN_ABOUT_RETURN_TYPE = YES_ERROR;
				GCC_WARN_UNDECLARED_SELECTOR = YES;
				GCC_WARN_UNINITIALIZED_AUTOS = YES_AGGRESSIVE;
				GCC_WARN_UNUSED_FUNCTION = YES;
				GCC_WARN_UNUSED_VARIABLE = YES;
				IPHONEOS_DEPLOYMENT_TARGET = 9.3;
				MTL_ENABLE_DEBUG_INFO = NO;
				SDKROOT = iphoneos;
				VALIDATE_PRODUCT = YES;
			};
			name = Release;
		};
		240AC7401D748C8900F21F4F /* Debug */ = {
			isa = XCBuildConfiguration;
			buildSettings = {
				ASSETCATALOG_COMPILER_APPICON_NAME = AppIcon;
				CLANG_ALLOW_NON_MODULAR_INCLUDES_IN_FRAMEWORK_MODULES = NO;
				FRAMEWORK_SEARCH_PATHS = (
					"$(inherited)",
					"$(PROJECT_DIR)/Carthage/Build/iOS",
				);
				INFOPLIST_FILE = teferi/Info.plist;
				LD_RUNPATH_SEARCH_PATHS = "$(inherited) @executable_path/Frameworks";
				PRODUCT_BUNDLE_IDENTIFIER = com.toggl.teferi;
				PRODUCT_NAME = "$(TARGET_NAME)";
			};
			name = Debug;
		};
		240AC7411D748C8900F21F4F /* Release */ = {
			isa = XCBuildConfiguration;
			buildSettings = {
				ASSETCATALOG_COMPILER_APPICON_NAME = AppIcon;
				CLANG_ALLOW_NON_MODULAR_INCLUDES_IN_FRAMEWORK_MODULES = NO;
				FRAMEWORK_SEARCH_PATHS = (
					"$(inherited)",
					"$(PROJECT_DIR)/Carthage/Build/iOS",
				);
				INFOPLIST_FILE = teferi/Info.plist;
				LD_RUNPATH_SEARCH_PATHS = "$(inherited) @executable_path/Frameworks";
				PRODUCT_BUNDLE_IDENTIFIER = com.toggl.teferi;
				PRODUCT_NAME = "$(TARGET_NAME)";
			};
			name = Release;
		};
		24A21B6E1D7C3E0800CEB4F3 /* Debug */ = {
			isa = XCBuildConfiguration;
			buildSettings = {
				BUNDLE_LOADER = "$(TEST_HOST)";
				FRAMEWORK_SEARCH_PATHS = (
					"$(inherited)",
					"$(PROJECT_DIR)/Carthage/Build/iOS",
				);
				INFOPLIST_FILE = teferiTests/Info.plist;
				LD_RUNPATH_SEARCH_PATHS = "$(inherited) @executable_path/Frameworks @loader_path/Frameworks";
				PRODUCT_BUNDLE_IDENTIFIER = com.toggl.teferiTests;
				PRODUCT_NAME = "$(TARGET_NAME)";
				TEST_HOST = "$(BUILT_PRODUCTS_DIR)/teferi.app/teferi";
			};
			name = Debug;
		};
		24A21B6F1D7C3E0800CEB4F3 /* Release */ = {
			isa = XCBuildConfiguration;
			buildSettings = {
				BUNDLE_LOADER = "$(TEST_HOST)";
				FRAMEWORK_SEARCH_PATHS = (
					"$(inherited)",
					"$(PROJECT_DIR)/Carthage/Build/iOS",
				);
				INFOPLIST_FILE = teferiTests/Info.plist;
				LD_RUNPATH_SEARCH_PATHS = "$(inherited) @executable_path/Frameworks @loader_path/Frameworks";
				PRODUCT_BUNDLE_IDENTIFIER = com.toggl.teferiTests;
				PRODUCT_NAME = "$(TARGET_NAME)";
				TEST_HOST = "$(BUILT_PRODUCTS_DIR)/teferi.app/teferi";
			};
			name = Release;
		};
/* End XCBuildConfiguration section */

/* Begin XCConfigurationList section */
		240AC70F1D748C8800F21F4F /* Build configuration list for PBXProject "teferi" */ = {
			isa = XCConfigurationList;
			buildConfigurations = (
				240AC73D1D748C8900F21F4F /* Debug */,
				240AC73E1D748C8900F21F4F /* Release */,
			);
			defaultConfigurationIsVisible = 0;
			defaultConfigurationName = Release;
		};
		240AC73F1D748C8900F21F4F /* Build configuration list for PBXNativeTarget "teferi" */ = {
			isa = XCConfigurationList;
			buildConfigurations = (
				240AC7401D748C8900F21F4F /* Debug */,
				240AC7411D748C8900F21F4F /* Release */,
			);
			defaultConfigurationIsVisible = 0;
			defaultConfigurationName = Release;
		};
		24A21B6D1D7C3E0800CEB4F3 /* Build configuration list for PBXNativeTarget "teferiTests" */ = {
			isa = XCConfigurationList;
			buildConfigurations = (
				24A21B6E1D7C3E0800CEB4F3 /* Debug */,
				24A21B6F1D7C3E0800CEB4F3 /* Release */,
			);
			defaultConfigurationIsVisible = 0;
			defaultConfigurationName = Release;
		};
/* End XCConfigurationList section */

/* Begin XCVersionGroup section */
		240AC71E1D748C8800F21F4F /* teferi.xcdatamodeld */ = {
			isa = XCVersionGroup;
			children = (
				240AC71F1D748C8800F21F4F /* teferi.xcdatamodel */,
			);
			currentVersion = 240AC71F1D748C8800F21F4F /* teferi.xcdatamodel */;
			path = teferi.xcdatamodeld;
			sourceTree = "<group>";
			versionGroupType = wrapper.xcdatamodel;
		};
/* End XCVersionGroup section */
	};
	rootObject = 240AC70C1D748C8800F21F4F /* Project object */;
}
