PODS:
  - HockeySDK (4.1.1):
    - HockeySDK/DefaultLib (= 4.1.1)
  - HockeySDK/DefaultLib (4.1.1)
  - RxCocoa (3.0.0-beta.1):
    - RxSwift (~> 3.0.0-beta.1)
  - RxSwift (3.0.0-beta.1)
  - SwiftyBeaver (1.0.2)

DEPENDENCIES:
  - HockeySDK (~> 4.1.1)
  - RxCocoa (~> 3.0.0-beta.1)
  - RxSwift (~> 3.0.0-beta.1)
  - SwiftyBeaver

SPEC CHECKSUMS:
  HockeySDK: 364679ba00f3447d014dd75cac57e59cc2574318
  RxCocoa: 8cecf331302b8ae5381bbab1bccba4ede2eae6a8
  RxSwift: 0823e8d7969c23bfa9ddfb2afa4881e424a1a710
  SwiftyBeaver: 8b0b22eaf4b36b26c16ebf27a8657650943a5027

PODFILE CHECKSUM: 3372026875d7eaa0419c70377f51455a8740ec67

COCOAPODS: 1.0.1
